// !$*UTF8*$!
{
	archiveVersion = 1;
	classes = {
	};
	objectVersion = 56;
	objects = {

/* Begin PBXBuildFile section */
		3D4DEDFC29955E0B006AC3EF /* HomeView.swift in Sources */ = {isa = PBXBuildFile; fileRef = 3D4DEDFB29955E0B006AC3EF /* HomeView.swift */; };
		3D92181A2992B5B700358D78 /* UIColor+Extension.swift in Sources */ = {isa = PBXBuildFile; fileRef = 3D9218192992B5B700358D78 /* UIColor+Extension.swift */; };
		3D9218222993E1D200358D78 /* ItemCollectionViewCell.swift in Sources */ = {isa = PBXBuildFile; fileRef = 3D9218212993E1D200358D78 /* ItemCollectionViewCell.swift */; };
		3DBF094F2997C374001B55AA /* UIButton+Extension.swift in Sources */ = {isa = PBXBuildFile; fileRef = 3DBF094E2997C374001B55AA /* UIButton+Extension.swift */; };
		3DBF09512997C650001B55AA /* DataModel.swift in Sources */ = {isa = PBXBuildFile; fileRef = 3DBF09502997C650001B55AA /* DataModel.swift */; };
		3DBF09532997C762001B55AA /* Item.swift in Sources */ = {isa = PBXBuildFile; fileRef = 3DBF09522997C762001B55AA /* Item.swift */; };
		3DBF09552997C8BD001B55AA /* HomeInteractor.swift in Sources */ = {isa = PBXBuildFile; fileRef = 3DBF09542997C8BD001B55AA /* HomeInteractor.swift */; };
		3DBF09572997C968001B55AA /* HomePresenter.swift in Sources */ = {isa = PBXBuildFile; fileRef = 3DBF09562997C968001B55AA /* HomePresenter.swift */; };
		3DCAB2E9298C541B0068A0E9 /* AppDelegate.swift in Sources */ = {isa = PBXBuildFile; fileRef = 3DCAB2E8298C541B0068A0E9 /* AppDelegate.swift */; };
		3DCAB2EB298C541B0068A0E9 /* SceneDelegate.swift in Sources */ = {isa = PBXBuildFile; fileRef = 3DCAB2EA298C541B0068A0E9 /* SceneDelegate.swift */; };
		3DCAB2ED298C541B0068A0E9 /* HomeViewController.swift in Sources */ = {isa = PBXBuildFile; fileRef = 3DCAB2EC298C541B0068A0E9 /* HomeViewController.swift */; };
		3DCAB2F2298C541C0068A0E9 /* Assets.xcassets in Resources */ = {isa = PBXBuildFile; fileRef = 3DCAB2F1298C541C0068A0E9 /* Assets.xcassets */; };
		3DCAB2F5298C541C0068A0E9 /* LaunchScreen.storyboard in Resources */ = {isa = PBXBuildFile; fileRef = 3DCAB2F3298C541C0068A0E9 /* LaunchScreen.storyboard */; };
/* End PBXBuildFile section */

/* Begin PBXFileReference section */
		3D4DEDFB29955E0B006AC3EF /* HomeView.swift */ = {isa = PBXFileReference; lastKnownFileType = sourcecode.swift; path = HomeView.swift; sourceTree = "<group>"; };
		3D9218192992B5B700358D78 /* UIColor+Extension.swift */ = {isa = PBXFileReference; lastKnownFileType = sourcecode.swift; path = "UIColor+Extension.swift"; sourceTree = "<group>"; };
		3D9218212993E1D200358D78 /* ItemCollectionViewCell.swift */ = {isa = PBXFileReference; lastKnownFileType = sourcecode.swift; path = ItemCollectionViewCell.swift; sourceTree = "<group>"; };
		3DBF094E2997C374001B55AA /* UIButton+Extension.swift */ = {isa = PBXFileReference; lastKnownFileType = sourcecode.swift; path = "UIButton+Extension.swift"; sourceTree = "<group>"; };
		3DBF09502997C650001B55AA /* DataModel.swift */ = {isa = PBXFileReference; lastKnownFileType = sourcecode.swift; path = DataModel.swift; sourceTree = "<group>"; };
		3DBF09522997C762001B55AA /* Item.swift */ = {isa = PBXFileReference; lastKnownFileType = sourcecode.swift; path = Item.swift; sourceTree = "<group>"; };
		3DBF09542997C8BD001B55AA /* HomeInteractor.swift */ = {isa = PBXFileReference; lastKnownFileType = sourcecode.swift; path = HomeInteractor.swift; sourceTree = "<group>"; };
		3DBF09562997C968001B55AA /* HomePresenter.swift */ = {isa = PBXFileReference; lastKnownFileType = sourcecode.swift; path = HomePresenter.swift; sourceTree = "<group>"; };
		3DCAB2E5298C541B0068A0E9 /* SurfApp.app */ = {isa = PBXFileReference; explicitFileType = wrapper.application; includeInIndex = 0; path = SurfApp.app; sourceTree = BUILT_PRODUCTS_DIR; };
		3DCAB2E8298C541B0068A0E9 /* AppDelegate.swift */ = {isa = PBXFileReference; lastKnownFileType = sourcecode.swift; path = AppDelegate.swift; sourceTree = "<group>"; };
		3DCAB2EA298C541B0068A0E9 /* SceneDelegate.swift */ = {isa = PBXFileReference; lastKnownFileType = sourcecode.swift; path = SceneDelegate.swift; sourceTree = "<group>"; };
		3DCAB2EC298C541B0068A0E9 /* HomeViewController.swift */ = {isa = PBXFileReference; lastKnownFileType = sourcecode.swift; path = HomeViewController.swift; sourceTree = "<group>"; };
		3DCAB2F1298C541C0068A0E9 /* Assets.xcassets */ = {isa = PBXFileReference; lastKnownFileType = folder.assetcatalog; path = Assets.xcassets; sourceTree = "<group>"; };
		3DCAB2F4298C541C0068A0E9 /* Base */ = {isa = PBXFileReference; lastKnownFileType = file.storyboard; name = Base; path = Base.lproj/LaunchScreen.storyboard; sourceTree = "<group>"; };
		3DCAB2F6298C541C0068A0E9 /* Info.plist */ = {isa = PBXFileReference; lastKnownFileType = text.plist.xml; path = Info.plist; sourceTree = "<group>"; };
/* End PBXFileReference section */

/* Begin PBXFrameworksBuildPhase section */
		3DCAB2E2298C541B0068A0E9 /* Frameworks */ = {
			isa = PBXFrameworksBuildPhase;
			buildActionMask = 2147483647;
			files = (
			);
			runOnlyForDeploymentPostprocessing = 0;
		};
/* End PBXFrameworksBuildPhase section */

/* Begin PBXGroup section */
		3DBF095C29985EDD001B55AA /* Views */ = {
			isa = PBXGroup;
			children = (
				3D4DEDFB29955E0B006AC3EF /* HomeView.swift */,
				3D9218212993E1D200358D78 /* ItemCollectionViewCell.swift */,
			);
			path = Views;
			sourceTree = "<group>";
		};
		3DBF095D29985EE8001B55AA /* Service */ = {
			isa = PBXGroup;
			children = (
				3D9218192992B5B700358D78 /* UIColor+Extension.swift */,
				3DBF094E2997C374001B55AA /* UIButton+Extension.swift */,
			);
			path = Service;
			sourceTree = "<group>";
		};
		3DBF095E29985EFC001B55AA /* Models */ = {
			isa = PBXGroup;
			children = (
				3DBF09502997C650001B55AA /* DataModel.swift */,
				3DBF09522997C762001B55AA /* Item.swift */,
			);
			path = Models;
			sourceTree = "<group>";
		};
		3DCAB2DC298C541B0068A0E9 = {
			isa = PBXGroup;
			children = (
				3DCAB2E7298C541B0068A0E9 /* SurfApp */,
				3DCAB2E6298C541B0068A0E9 /* Products */,
			);
			sourceTree = "<group>";
		};
		3DCAB2E6298C541B0068A0E9 /* Products */ = {
			isa = PBXGroup;
			children = (
				3DCAB2E5298C541B0068A0E9 /* SurfApp.app */,
			);
			name = Products;
			sourceTree = "<group>";
		};
		3DCAB2E7298C541B0068A0E9 /* SurfApp */ = {
			isa = PBXGroup;
			children = (
				3DCAB2E8298C541B0068A0E9 /* AppDelegate.swift */,
				3DCAB2EA298C541B0068A0E9 /* SceneDelegate.swift */,
				3DCAB2EC298C541B0068A0E9 /* HomeViewController.swift */,
				3DBF09542997C8BD001B55AA /* HomeInteractor.swift */,
				3DBF09562997C968001B55AA /* HomePresenter.swift */,
				3DBF095E29985EFC001B55AA /* Models */,
				3DBF095D29985EE8001B55AA /* Service */,
				3DBF095C29985EDD001B55AA /* Views */,
				3DCAB2F1298C541C0068A0E9 /* Assets.xcassets */,
				3DCAB2F3298C541C0068A0E9 /* LaunchScreen.storyboard */,
				3DCAB2F6298C541C0068A0E9 /* Info.plist */,
			);
			path = SurfApp;
			sourceTree = "<group>";
		};
/* End PBXGroup section */

/* Begin PBXNativeTarget section */
		3DCAB2E4298C541B0068A0E9 /* SurfApp */ = {
			isa = PBXNativeTarget;
			buildConfigurationList = 3DCAB2F9298C541C0068A0E9 /* Build configuration list for PBXNativeTarget "SurfApp" */;
			buildPhases = (
				3DCAB2E1298C541B0068A0E9 /* Sources */,
				3DCAB2E2298C541B0068A0E9 /* Frameworks */,
				3DCAB2E3298C541B0068A0E9 /* Resources */,
			);
			buildRules = (
			);
			dependencies = (
			);
			name = SurfApp;
			productName = SurfApp;
			productReference = 3DCAB2E5298C541B0068A0E9 /* SurfApp.app */;
			productType = "com.apple.product-type.application";
		};
/* End PBXNativeTarget section */

/* Begin PBXProject section */
		3DCAB2DD298C541B0068A0E9 /* Project object */ = {
			isa = PBXProject;
			attributes = {
				BuildIndependentTargetsInParallel = 1;
				LastSwiftUpdateCheck = 1420;
				LastUpgradeCheck = 1420;
				TargetAttributes = {
					3DCAB2E4298C541B0068A0E9 = {
						CreatedOnToolsVersion = 14.2;
					};
				};
			};
			buildConfigurationList = 3DCAB2E0298C541B0068A0E9 /* Build configuration list for PBXProject "SurfApp" */;
			compatibilityVersion = "Xcode 14.0";
			developmentRegion = en;
			hasScannedForEncodings = 0;
			knownRegions = (
				en,
				Base,
			);
			mainGroup = 3DCAB2DC298C541B0068A0E9;
			productRefGroup = 3DCAB2E6298C541B0068A0E9 /* Products */;
			projectDirPath = "";
			projectRoot = "";
			targets = (
				3DCAB2E4298C541B0068A0E9 /* SurfApp */,
			);
		};
/* End PBXProject section */

/* Begin PBXResourcesBuildPhase section */
		3DCAB2E3298C541B0068A0E9 /* Resources */ = {
			isa = PBXResourcesBuildPhase;
			buildActionMask = 2147483647;
			files = (
				3DCAB2F5298C541C0068A0E9 /* LaunchScreen.storyboard in Resources */,
				3DCAB2F2298C541C0068A0E9 /* Assets.xcassets in Resources */,
			);
			runOnlyForDeploymentPostprocessing = 0;
		};
/* End PBXResourcesBuildPhase section */

/* Begin PBXSourcesBuildPhase section */
		3DCAB2E1298C541B0068A0E9 /* Sources */ = {
			isa = PBXSourcesBuildPhase;
			buildActionMask = 2147483647;
			files = (
				3DBF09512997C650001B55AA /* DataModel.swift in Sources */,
				3DBF09532997C762001B55AA /* Item.swift in Sources */,
				3D4DEDFC29955E0B006AC3EF /* HomeView.swift in Sources */,
				3DBF09552997C8BD001B55AA /* HomeInteractor.swift in Sources */,
				3D92181A2992B5B700358D78 /* UIColor+Extension.swift in Sources */,
				3D9218222993E1D200358D78 /* ItemCollectionViewCell.swift in Sources */,
				3DCAB2ED298C541B0068A0E9 /* HomeViewController.swift in Sources */,
				3DBF094F2997C374001B55AA /* UIButton+Extension.swift in Sources */,
				3DCAB2E9298C541B0068A0E9 /* AppDelegate.swift in Sources */,
				3DCAB2EB298C541B0068A0E9 /* SceneDelegate.swift in Sources */,
				3DBF09572997C968001B55AA /* HomePresenter.swift in Sources */,
			);
			runOnlyForDeploymentPostprocessing = 0;
		};
/* End PBXSourcesBuildPhase section */

/* Begin PBXVariantGroup section */
		3DCAB2F3298C541C0068A0E9 /* LaunchScreen.storyboard */ = {
			isa = PBXVariantGroup;
			children = (
				3DCAB2F4298C541C0068A0E9 /* Base */,
			);
			name = LaunchScreen.storyboard;
			sourceTree = "<group>";
		};
/* End PBXVariantGroup section */

/* Begin XCBuildConfiguration section */
		3DCAB2F7298C541C0068A0E9 /* Debug */ = {
			isa = XCBuildConfiguration;
			buildSettings = {
				ALWAYS_SEARCH_USER_PATHS = NO;
				CLANG_ANALYZER_NONNULL = YES;
				CLANG_ANALYZER_NUMBER_OBJECT_CONVERSION = YES_AGGRESSIVE;
				CLANG_CXX_LANGUAGE_STANDARD = "gnu++20";
				CLANG_ENABLE_MODULES = YES;
				CLANG_ENABLE_OBJC_ARC = YES;
				CLANG_ENABLE_OBJC_WEAK = YES;
				CLANG_WARN_BLOCK_CAPTURE_AUTORELEASING = YES;
				CLANG_WARN_BOOL_CONVERSION = YES;
				CLANG_WARN_COMMA = YES;
				CLANG_WARN_CONSTANT_CONVERSION = YES;
				CLANG_WARN_DEPRECATED_OBJC_IMPLEMENTATIONS = YES;
				CLANG_WARN_DIRECT_OBJC_ISA_USAGE = YES_ERROR;
				CLANG_WARN_DOCUMENTATION_COMMENTS = YES;
				CLANG_WARN_EMPTY_BODY = YES;
				CLANG_WARN_ENUM_CONVERSION = YES;
				CLANG_WARN_INFINITE_RECURSION = YES;
				CLANG_WARN_INT_CONVERSION = YES;
				CLANG_WARN_NON_LITERAL_NULL_CONVERSION = YES;
				CLANG_WARN_OBJC_IMPLICIT_RETAIN_SELF = YES;
				CLANG_WARN_OBJC_LITERAL_CONVERSION = YES;
				CLANG_WARN_OBJC_ROOT_CLASS = YES_ERROR;
				CLANG_WARN_QUOTED_INCLUDE_IN_FRAMEWORK_HEADER = YES;
				CLANG_WARN_RANGE_LOOP_ANALYSIS = YES;
				CLANG_WARN_STRICT_PROTOTYPES = YES;
				CLANG_WARN_SUSPICIOUS_MOVE = YES;
				CLANG_WARN_UNGUARDED_AVAILABILITY = YES_AGGRESSIVE;
				CLANG_WARN_UNREACHABLE_CODE = YES;
				CLANG_WARN__DUPLICATE_METHOD_MATCH = YES;
				COPY_PHASE_STRIP = NO;
				DEBUG_INFORMATION_FORMAT = dwarf;
				ENABLE_STRICT_OBJC_MSGSEND = YES;
				ENABLE_TESTABILITY = YES;
				GCC_C_LANGUAGE_STANDARD = gnu11;
				GCC_DYNAMIC_NO_PIC = NO;
				GCC_NO_COMMON_BLOCKS = YES;
				GCC_OPTIMIZATION_LEVEL = 0;
				GCC_PREPROCESSOR_DEFINITIONS = (
					"DEBUG=1",
					"$(inherited)",
				);
				GCC_WARN_64_TO_32_BIT_CONVERSION = YES;
				GCC_WARN_ABOUT_RETURN_TYPE = YES_ERROR;
				GCC_WARN_UNDECLARED_SELECTOR = YES;
				GCC_WARN_UNINITIALIZED_AUTOS = YES_AGGRESSIVE;
				GCC_WARN_UNUSED_FUNCTION = YES;
				GCC_WARN_UNUSED_VARIABLE = YES;
				IPHONEOS_DEPLOYMENT_TARGET = 16.2;
				MTL_ENABLE_DEBUG_INFO = INCLUDE_SOURCE;
				MTL_FAST_MATH = YES;
				ONLY_ACTIVE_ARCH = YES;
				SDKROOT = iphoneos;
				SWIFT_ACTIVE_COMPILATION_CONDITIONS = DEBUG;
				SWIFT_OPTIMIZATION_LEVEL = "-Onone";
			};
			name = Debug;
		};
		3DCAB2F8298C541C0068A0E9 /* Release */ = {
			isa = XCBuildConfiguration;
			buildSettings = {
				ALWAYS_SEARCH_USER_PATHS = NO;
				CLANG_ANALYZER_NONNULL = YES;
				CLANG_ANALYZER_NUMBER_OBJECT_CONVERSION = YES_AGGRESSIVE;
				CLANG_CXX_LANGUAGE_STANDARD = "gnu++20";
				CLANG_ENABLE_MODULES = YES;
				CLANG_ENABLE_OBJC_ARC = YES;
				CLANG_ENABLE_OBJC_WEAK = YES;
				CLANG_WARN_BLOCK_CAPTURE_AUTORELEASING = YES;
				CLANG_WARN_BOOL_CONVERSION = YES;
				CLANG_WARN_COMMA = YES;
				CLANG_WARN_CONSTANT_CONVERSION = YES;
				CLANG_WARN_DEPRECATED_OBJC_IMPLEMENTATIONS = YES;
				CLANG_WARN_DIRECT_OBJC_ISA_USAGE = YES_ERROR;
				CLANG_WARN_DOCUMENTATION_COMMENTS = YES;
				CLANG_WARN_EMPTY_BODY = YES;
				CLANG_WARN_ENUM_CONVERSION = YES;
				CLANG_WARN_INFINITE_RECURSION = YES;
				CLANG_WARN_INT_CONVERSION = YES;
				CLANG_WARN_NON_LITERAL_NULL_CONVERSION = YES;
				CLANG_WARN_OBJC_IMPLICIT_RETAIN_SELF = YES;
				CLANG_WARN_OBJC_LITERAL_CONVERSION = YES;
				CLANG_WARN_OBJC_ROOT_CLASS = YES_ERROR;
				CLANG_WARN_QUOTED_INCLUDE_IN_FRAMEWORK_HEADER = YES;
				CLANG_WARN_RANGE_LOOP_ANALYSIS = YES;
				CLANG_WARN_STRICT_PROTOTYPES = YES;
				CLANG_WARN_SUSPICIOUS_MOVE = YES;
				CLANG_WARN_UNGUARDED_AVAILABILITY = YES_AGGRESSIVE;
				CLANG_WARN_UNREACHABLE_CODE = YES;
				CLANG_WARN__DUPLICATE_METHOD_MATCH = YES;
				COPY_PHASE_STRIP = NO;
				DEBUG_INFORMATION_FORMAT = "dwarf-with-dsym";
				ENABLE_NS_ASSERTIONS = NO;
				ENABLE_STRICT_OBJC_MSGSEND = YES;
				GCC_C_LANGUAGE_STANDARD = gnu11;
				GCC_NO_COMMON_BLOCKS = YES;
				GCC_WARN_64_TO_32_BIT_CONVERSION = YES;
				GCC_WARN_ABOUT_RETURN_TYPE = YES_ERROR;
				GCC_WARN_UNDECLARED_SELECTOR = YES;
				GCC_WARN_UNINITIALIZED_AUTOS = YES_AGGRESSIVE;
				GCC_WARN_UNUSED_FUNCTION = YES;
				GCC_WARN_UNUSED_VARIABLE = YES;
				IPHONEOS_DEPLOYMENT_TARGET = 16.2;
				MTL_ENABLE_DEBUG_INFO = NO;
				MTL_FAST_MATH = YES;
				SDKROOT = iphoneos;
				SWIFT_COMPILATION_MODE = wholemodule;
				SWIFT_OPTIMIZATION_LEVEL = "-O";
				VALIDATE_PRODUCT = YES;
			};
			name = Release;
		};
		3DCAB2FA298C541C0068A0E9 /* Debug */ = {
			isa = XCBuildConfiguration;
			buildSettings = {
				ASSETCATALOG_COMPILER_APPICON_NAME = AppIcon;
				ASSETCATALOG_COMPILER_GLOBAL_ACCENT_COLOR_NAME = AccentColor;
				CODE_SIGN_STYLE = Automatic;
				CURRENT_PROJECT_VERSION = 1;
				DEVELOPMENT_TEAM = WEZ4D5M6R9;
				GENERATE_INFOPLIST_FILE = YES;
				INFOPLIST_FILE = SurfApp/Info.plist;
				INFOPLIST_KEY_UIApplicationSupportsIndirectInputEvents = YES;
				INFOPLIST_KEY_UILaunchStoryboardName = LaunchScreen;
				INFOPLIST_KEY_UISupportedInterfaceOrientations = UIInterfaceOrientationPortrait;
				INFOPLIST_KEY_UISupportedInterfaceOrientations_iPad = "UIInterfaceOrientationLandscapeLeft UIInterfaceOrientationLandscapeRight UIInterfaceOrientationPortrait UIInterfaceOrientationPortraitUpsideDown";
				IPHONEOS_DEPLOYMENT_TARGET = 16.0;
				LD_RUNPATH_SEARCH_PATHS = (
					"$(inherited)",
					"@executable_path/Frameworks",
				);
				MARKETING_VERSION = 1.0;
				PRODUCT_BUNDLE_IDENTIFIER = com.vadimkuzmin.SurfApp;
				PRODUCT_NAME = "$(TARGET_NAME)";
				SUPPORTED_PLATFORMS = "iphoneos iphonesimulator";
				SUPPORTS_MACCATALYST = NO;
				SUPPORTS_MAC_DESIGNED_FOR_IPHONE_IPAD = NO;
				SWIFT_EMIT_LOC_STRINGS = YES;
				SWIFT_VERSION = 5.0;
				TARGETED_DEVICE_FAMILY = 1;
			};
			name = Debug;
		};
		3DCAB2FB298C541C0068A0E9 /* Release */ = {
			isa = XCBuildConfiguration;
			buildSettings = {
				ASSETCATALOG_COMPILER_APPICON_NAME = AppIcon;
				ASSETCATALOG_COMPILER_GLOBAL_ACCENT_COLOR_NAME = AccentColor;
				CODE_SIGN_STYLE = Automatic;
				CURRENT_PROJECT_VERSION = 1;
				DEVELOPMENT_TEAM = WEZ4D5M6R9;
				GENERATE_INFOPLIST_FILE = YES;
				INFOPLIST_FILE = SurfApp/Info.plist;
				INFOPLIST_KEY_UIApplicationSupportsIndirectInputEvents = YES;
				INFOPLIST_KEY_UILaunchStoryboardName = LaunchScreen;
				INFOPLIST_KEY_UISupportedInterfaceOrientations = UIInterfaceOrientationPortrait;
				INFOPLIST_KEY_UISupportedInterfaceOrientations_iPad = "UIInterfaceOrientationLandscapeLeft UIInterfaceOrientationLandscapeRight UIInterfaceOrientationPortrait UIInterfaceOrientationPortraitUpsideDown";
				IPHONEOS_DEPLOYMENT_TARGET = 16.0;
				LD_RUNPATH_SEARCH_PATHS = (
					"$(inherited)",
					"@executable_path/Frameworks",
				);
				MARKETING_VERSION = 1.0;
				PRODUCT_BUNDLE_IDENTIFIER = com.vadimkuzmin.SurfApp;
				PRODUCT_NAME = "$(TARGET_NAME)";
				SUPPORTED_PLATFORMS = "iphoneos iphonesimulator";
				SUPPORTS_MACCATALYST = NO;
				SUPPORTS_MAC_DESIGNED_FOR_IPHONE_IPAD = NO;
				SWIFT_EMIT_LOC_STRINGS = YES;
				SWIFT_VERSION = 5.0;
				TARGETED_DEVICE_FAMILY = 1;
			};
			name = Release;
		};
/* End XCBuildConfiguration section */

/* Begin XCConfigurationList section */
		3DCAB2E0298C541B0068A0E9 /* Build configuration list for PBXProject "SurfApp" */ = {
			isa = XCConfigurationList;
			buildConfigurations = (
				3DCAB2F7298C541C0068A0E9 /* Debug */,
				3DCAB2F8298C541C0068A0E9 /* Release */,
			);
			defaultConfigurationIsVisible = 0;
			defaultConfigurationName = Release;
		};
		3DCAB2F9298C541C0068A0E9 /* Build configuration list for PBXNativeTarget "SurfApp" */ = {
			isa = XCConfigurationList;
			buildConfigurations = (
				3DCAB2FA298C541C0068A0E9 /* Debug */,
				3DCAB2FB298C541C0068A0E9 /* Release */,
			);
			defaultConfigurationIsVisible = 0;
			defaultConfigurationName = Release;
		};
/* End XCConfigurationList section */
	};
	rootObject = 3DCAB2DD298C541B0068A0E9 /* Project object */;
}
